
Microsoft Visual Studio Solution File, Format Version 12.00
# Visual Studio Version 16
VisualStudioVersion = 16.0.30114.105
MinimumVisualStudioVersion = 10.0.40219.1
Project("{9A19103F-16F7-4668-BE54-9A1E7A4F7556}") = "Models", "Models\Models.csproj", "{C8ADE510-DDFD-45E2-A555-2A5C6740852F}"
EndProject
Project("{FAE04EC0-301F-11D3-BF4B-00C04F79EFBC}") = "AllTest", "AllTest\AllTest.csproj", "{CA3749EC-574B-4CBB-BD38-706C015EB2F8}"
EndProject
Global
	GlobalSection(SolutionConfigurationPlatforms) = preSolution
		Debug|Any CPU = Debug|Any CPU
		Release|Any CPU = Release|Any CPU
	EndGlobalSection
	GlobalSection(ProjectConfigurationPlatforms) = postSolution
		{C8ADE510-DDFD-45E2-A555-2A5C6740852F}.Debug|Any CPU.ActiveCfg = Debug|Any CPU
		{C8ADE510-DDFD-45E2-A555-2A5C6740852F}.Debug|Any CPU.Build.0 = Debug|Any CPU
		{C8ADE510-DDFD-45E2-A555-2A5C6740852F}.Release|Any CPU.ActiveCfg = Release|Any CPU
		{C8ADE510-DDFD-45E2-A555-2A5C6740852F}.Release|Any CPU.Build.0 = Release|Any CPU
		{CA3749EC-574B-4CBB-BD38-706C015EB2F8}.Debug|Any CPU.ActiveCfg = Debug|Any CPU
		{CA3749EC-574B-4CBB-BD38-706C015EB2F8}.Debug|Any CPU.Build.0 = Debug|Any CPU
		{CA3749EC-574B-4CBB-BD38-706C015EB2F8}.Release|Any CPU.ActiveCfg = Release|Any CPU
		{CA3749EC-574B-4CBB-BD38-706C015EB2F8}.Release|Any CPU.Build.0 = Release|Any CPU
	EndGlobalSection
	GlobalSection(SolutionProperties) = preSolution
		HideSolutionNode = FALSE
	EndGlobalSection
	GlobalSection(ExtensibilityGlobals) = postSolution
		SolutionGuid = {4BB88D86-8FC1-4C53-BDAC-8ED3CB9E0077}
	EndGlobalSection
EndGlobal
